// !$*UTF8*$!
{
	archiveVersion = 1;
	classes = {
	};
	objectVersion = 46;
	objects = {

/* Begin PBXBuildFile section */
		037EDC51C93687D55A91D67D /* Pods_e926UITests.framework in Frameworks */ = {isa = PBXBuildFile; fileRef = B9D6B1A2A697007E36E7E099 /* Pods_e926UITests.framework */; };
		600180E3D98EC2ED18EA811E /* Pods_e926_watch.framework in Frameworks */ = {isa = PBXBuildFile; fileRef = F3B39D9BAE7B79B395BC7EBF /* Pods_e926_watch.framework */; };
		701D65E3D5ABB9EFBDEACA4B /* Pods_e926.framework in Frameworks */ = {isa = PBXBuildFile; fileRef = AC80BB0028B3425D6805B8F8 /* Pods_e926.framework */; };
		97C86E542CC6F345AE56BB95 /* Pods_e926_watch_Extension.framework in Frameworks */ = {isa = PBXBuildFile; fileRef = FAC38D6FF42F10A2ACD6463B /* Pods_e926_watch_Extension.framework */; };
		D9224A421E0ACADA002DFAA1 /* Interface.storyboard in Resources */ = {isa = PBXBuildFile; fileRef = D9224A401E0ACADA002DFAA1 /* Interface.storyboard */; };
		D9224A4B1E0ACADA002DFAA1 /* e926-watch Extension.appex in Embed App Extensions */ = {isa = PBXBuildFile; fileRef = D9224A4A1E0ACADA002DFAA1 /* e926-watch Extension.appex */; settings = {ATTRIBUTES = (RemoveHeadersOnCopy, ); }; };
		D9224A521E0ACADA002DFAA1 /* InterfaceController.swift in Sources */ = {isa = PBXBuildFile; fileRef = D9224A511E0ACADA002DFAA1 /* InterfaceController.swift */; };
		D9224A541E0ACADA002DFAA1 /* ExtensionDelegate.swift in Sources */ = {isa = PBXBuildFile; fileRef = D9224A531E0ACADA002DFAA1 /* ExtensionDelegate.swift */; };
		D9224A561E0ACADA002DFAA1 /* NotificationController.swift in Sources */ = {isa = PBXBuildFile; fileRef = D9224A551E0ACADA002DFAA1 /* NotificationController.swift */; };
		D9224A581E0ACADA002DFAA1 /* Assets.xcassets in Resources */ = {isa = PBXBuildFile; fileRef = D9224A571E0ACADA002DFAA1 /* Assets.xcassets */; };
		D9224A5C1E0ACADA002DFAA1 /* e926-watch.app in Embed Watch Content */ = {isa = PBXBuildFile; fileRef = D9224A3E1E0ACADA002DFAA1 /* e926-watch.app */; };
		D93298AB1E7355A6005573E0 /* UIScrollView_InfiniteScroll.framework in Frameworks */ = {isa = PBXBuildFile; fileRef = D93298AA1E7355A6005573E0 /* UIScrollView_InfiniteScroll.framework */; };
		D932F7971EE76B4A002C6E46 /* WatchSettingTableVC.swift in Sources */ = {isa = PBXBuildFile; fileRef = D932F7961EE76B4A002C6E46 /* WatchSettingTableVC.swift */; };
		D959BE671DAC40CA00FE59CE /* ImageDetailVC.swift in Sources */ = {isa = PBXBuildFile; fileRef = D959BE661DAC40CA00FE59CE /* ImageDetailVC.swift */; };
		D959BE691DAC77C200FE59CE /* SearchManager.swift in Sources */ = {isa = PBXBuildFile; fileRef = D959BE681DAC77C200FE59CE /* SearchManager.swift */; };
		D97880FE1E7F099E0037B0D4 /* SwiftGifOrigin.framework in Frameworks */ = {isa = PBXBuildFile; fileRef = D97880FD1E7F099E0037B0D4 /* SwiftGifOrigin.framework */; };
		D98A90AD1EE79B1200ED3966 /* SearchViewIC.swift in Sources */ = {isa = PBXBuildFile; fileRef = D99639B11EE78F6200F08B09 /* SearchViewIC.swift */; };
		D98A90B01EE79C2400ED3966 /* ViewModel.swift in Sources */ = {isa = PBXBuildFile; fileRef = D98A90AF1EE79C2400ED3966 /* ViewModel.swift */; };
		D98A90B11EE79C2400ED3966 /* ViewModel.swift in Sources */ = {isa = PBXBuildFile; fileRef = D98A90AF1EE79C2400ED3966 /* ViewModel.swift */; };
		D98A90B21EE79C5800ED3966 /* SearchViewIC.swift in Sources */ = {isa = PBXBuildFile; fileRef = D99639B11EE78F6200F08B09 /* SearchViewIC.swift */; };
		D98A90B81EE7A57400ED3966 /* SharedSession.swift in Sources */ = {isa = PBXBuildFile; fileRef = D98A90B71EE7A57400ED3966 /* SharedSession.swift */; };
		D98A90B91EE7A57400ED3966 /* SharedSession.swift in Sources */ = {isa = PBXBuildFile; fileRef = D98A90B71EE7A57400ED3966 /* SharedSession.swift */; };
		D9A5EB9B1E638B8800850851 /* Utils.swift in Sources */ = {isa = PBXBuildFile; fileRef = D9A5EB9A1E638B8800850851 /* Utils.swift */; };
		D9A5EB9D1E63B98800850851 /* PromiseKit.framework in Frameworks */ = {isa = PBXBuildFile; fileRef = D9A5EB9C1E63B98800850851 /* PromiseKit.framework */; };
		D9A5EB9F1E63B99100850851 /* PromiseKit.framework in Frameworks */ = {isa = PBXBuildFile; fileRef = D9A5EB9E1E63B99100850851 /* PromiseKit.framework */; };
		D9ABFF031EE4BC0800FE7BD3 /* Alamofire.framework in Frameworks */ = {isa = PBXBuildFile; fileRef = D9ABFF021EE4BC0800FE7BD3 /* Alamofire.framework */; };
		D9B080B41DA9C06000BDC28C /* AppDelegate.swift in Sources */ = {isa = PBXBuildFile; fileRef = D9B080B31DA9C06000BDC28C /* AppDelegate.swift */; };
		D9B080BD1DA9C06000BDC28C /* Assets.xcassets in Resources */ = {isa = PBXBuildFile; fileRef = D9B080BC1DA9C06000BDC28C /* Assets.xcassets */; };
		D9B080CB1DA9C06000BDC28C /* e926Tests.swift in Sources */ = {isa = PBXBuildFile; fileRef = D9B080CA1DA9C06000BDC28C /* e926Tests.swift */; };
		D9B080D61DA9C06000BDC28C /* e926UITests.swift in Sources */ = {isa = PBXBuildFile; fileRef = D9B080D51DA9C06000BDC28C /* e926UITests.swift */; };
		D9B080E51DA9C0AD00BDC28C /* LaunchScreen.storyboard in Resources */ = {isa = PBXBuildFile; fileRef = D9B080E31DA9C0AD00BDC28C /* LaunchScreen.storyboard */; };
		D9B080E61DA9C0AD00BDC28C /* Main.storyboard in Resources */ = {isa = PBXBuildFile; fileRef = D9B080E41DA9C0AD00BDC28C /* Main.storyboard */; };
		D9B080EB1DA9C0E100BDC28C /* Cache.swift in Sources */ = {isa = PBXBuildFile; fileRef = D9B080EA1DA9C0E100BDC28C /* Cache.swift */; };
		D9B080ED1DA9C0EE00BDC28C /* HomeVC.swift in Sources */ = {isa = PBXBuildFile; fileRef = D9B080EC1DA9C0EE00BDC28C /* HomeVC.swift */; };
		D9B080EF1DA9C0F700BDC28C /* Identity.swift in Sources */ = {isa = PBXBuildFile; fileRef = D9B080EE1DA9C0F700BDC28C /* Identity.swift */; };
		D9B080F11DA9C0FD00BDC28C /* ListCollectionVC.swift in Sources */ = {isa = PBXBuildFile; fileRef = D9B080F01DA9C0FD00BDC28C /* ListCollectionVC.swift */; };
		D9B080F41DA9C10C00BDC28C /* MenuTableVC.swift in Sources */ = {isa = PBXBuildFile; fileRef = D9B080F31DA9C10C00BDC28C /* MenuTableVC.swift */; };
		D9B080F61DA9C11300BDC28C /* Network.swift in Sources */ = {isa = PBXBuildFile; fileRef = D9B080F51DA9C11300BDC28C /* Network.swift */; };
		D9B080F81DA9C11800BDC28C /* Parser.swift in Sources */ = {isa = PBXBuildFile; fileRef = D9B080F71DA9C11800BDC28C /* Parser.swift */; };
		D9B080FA1DA9C11D00BDC28C /* Preferences.swift in Sources */ = {isa = PBXBuildFile; fileRef = D9B080F91DA9C11D00BDC28C /* Preferences.swift */; };
		D9B080FC1DA9C12400BDC28C /* Requester.swift in Sources */ = {isa = PBXBuildFile; fileRef = D9B080FB1DA9C12400BDC28C /* Requester.swift */; };
		D9B080FE1DA9C12C00BDC28C /* Result.swift in Sources */ = {isa = PBXBuildFile; fileRef = D9B080FD1DA9C12C00BDC28C /* Result.swift */; };
		D9B081001DA9C13100BDC28C /* SearchVC.swift in Sources */ = {isa = PBXBuildFile; fileRef = D9B080FF1DA9C13100BDC28C /* SearchVC.swift */; };
		D9B081021DA9C13600BDC28C /* SettingsTableVC.swift in Sources */ = {isa = PBXBuildFile; fileRef = D9B081011DA9C13600BDC28C /* SettingsTableVC.swift */; };
		D9B081051DA9C14400BDC28C /* Theme.swift in Sources */ = {isa = PBXBuildFile; fileRef = D9B081041DA9C14400BDC28C /* Theme.swift */; };
		D9DD6D801DAADE200016A9C6 /* ImageZoomVC.swift in Sources */ = {isa = PBXBuildFile; fileRef = D9DD6D7F1DAADE200016A9C6 /* ImageZoomVC.swift */; };
		D9E0B7C61ED8034A00E9F1BB /* Data.swift in Sources */ = {isa = PBXBuildFile; fileRef = D9E0B7C51ED8034A00E9F1BB /* Data.swift */; };
		D9E0B7C81ED966CF00E9F1BB /* ListCollectionVM.swift in Sources */ = {isa = PBXBuildFile; fileRef = D9E0B7C71ED966CF00E9F1BB /* ListCollectionVM.swift */; };
		D9E0B7CB1ED9699E00E9F1BB /* Model.swift in Sources */ = {isa = PBXBuildFile; fileRef = D9E0B7CA1ED9699E00E9F1BB /* Model.swift */; };
		D9EB65A21DAA587A0079AF8B /* SearchResultVC.swift in Sources */ = {isa = PBXBuildFile; fileRef = D9EB65A11DAA587A0079AF8B /* SearchResultVC.swift */; };
		D9EB65A61DAA5FAE0079AF8B /* SearchSuggestionsVC.swift in Sources */ = {isa = PBXBuildFile; fileRef = D9EB65A51DAA5FAE0079AF8B /* SearchSuggestionsVC.swift */; };
		E26BC97B30CF1F78A22C004D /* Pods_e926Tests.framework in Frameworks */ = {isa = PBXBuildFile; fileRef = DE4FAC861FC544572C489011 /* Pods_e926Tests.framework */; };
/* End PBXBuildFile section */

/* Begin PBXContainerItemProxy section */
		D9224A4C1E0ACADA002DFAA1 /* PBXContainerItemProxy */ = {
			isa = PBXContainerItemProxy;
			containerPortal = D9B080A81DA9C06000BDC28C /* Project object */;
			proxyType = 1;
			remoteGlobalIDString = D9224A491E0ACADA002DFAA1;
			remoteInfo = "e926-watch Extension";
		};
		D9224A5A1E0ACADA002DFAA1 /* PBXContainerItemProxy */ = {
			isa = PBXContainerItemProxy;
			containerPortal = D9B080A81DA9C06000BDC28C /* Project object */;
			proxyType = 1;
			remoteGlobalIDString = D9224A3D1E0ACADA002DFAA1;
			remoteInfo = "e926-watch";
		};
		D9B080C71DA9C06000BDC28C /* PBXContainerItemProxy */ = {
			isa = PBXContainerItemProxy;
			containerPortal = D9B080A81DA9C06000BDC28C /* Project object */;
			proxyType = 1;
			remoteGlobalIDString = D9B080AF1DA9C06000BDC28C;
			remoteInfo = e926;
		};
		D9B080D21DA9C06000BDC28C /* PBXContainerItemProxy */ = {
			isa = PBXContainerItemProxy;
			containerPortal = D9B080A81DA9C06000BDC28C /* Project object */;
			proxyType = 1;
			remoteGlobalIDString = D9B080AF1DA9C06000BDC28C;
			remoteInfo = e926;
		};
/* End PBXContainerItemProxy section */

/* Begin PBXCopyFilesBuildPhase section */
		D9224A621E0ACADA002DFAA1 /* Embed App Extensions */ = {
			isa = PBXCopyFilesBuildPhase;
			buildActionMask = 2147483647;
			dstPath = "";
			dstSubfolderSpec = 13;
			files = (
				D9224A4B1E0ACADA002DFAA1 /* e926-watch Extension.appex in Embed App Extensions */,
			);
			name = "Embed App Extensions";
			runOnlyForDeploymentPostprocessing = 0;
		};
		D9224A641E0ACADA002DFAA1 /* Embed Watch Content */ = {
			isa = PBXCopyFilesBuildPhase;
			buildActionMask = 2147483647;
			dstPath = "$(CONTENTS_FOLDER_PATH)/Watch";
			dstSubfolderSpec = 16;
			files = (
				D9224A5C1E0ACADA002DFAA1 /* e926-watch.app in Embed Watch Content */,
			);
			name = "Embed Watch Content";
			runOnlyForDeploymentPostprocessing = 0;
		};
/* End PBXCopyFilesBuildPhase section */

/* Begin PBXFileReference section */
		4F1E7B8F396EC0BD0E064FF9 /* Pods-e926.debug.xcconfig */ = {isa = PBXFileReference; includeInIndex = 1; lastKnownFileType = text.xcconfig; name = "Pods-e926.debug.xcconfig"; path = "Pods/Target Support Files/Pods-e926/Pods-e926.debug.xcconfig"; sourceTree = "<group>"; };
		5C7032CB24C10A8778D63B47 /* Pods-e926-watch.debug.xcconfig */ = {isa = PBXFileReference; includeInIndex = 1; lastKnownFileType = text.xcconfig; name = "Pods-e926-watch.debug.xcconfig"; path = "Pods/Target Support Files/Pods-e926-watch/Pods-e926-watch.debug.xcconfig"; sourceTree = "<group>"; };
		74BF6B926DAB472B39A30D61 /* Pods-e926.release.xcconfig */ = {isa = PBXFileReference; includeInIndex = 1; lastKnownFileType = text.xcconfig; name = "Pods-e926.release.xcconfig"; path = "Pods/Target Support Files/Pods-e926/Pods-e926.release.xcconfig"; sourceTree = "<group>"; };
		762537DEE317DD7A6121CA57 /* Pods-e926-watch.release.xcconfig */ = {isa = PBXFileReference; includeInIndex = 1; lastKnownFileType = text.xcconfig; name = "Pods-e926-watch.release.xcconfig"; path = "Pods/Target Support Files/Pods-e926-watch/Pods-e926-watch.release.xcconfig"; sourceTree = "<group>"; };
		928EEB018412645373538569 /* Pods-e926-watch Extension.debug.xcconfig */ = {isa = PBXFileReference; includeInIndex = 1; lastKnownFileType = text.xcconfig; name = "Pods-e926-watch Extension.debug.xcconfig"; path = "Pods/Target Support Files/Pods-e926-watch Extension/Pods-e926-watch Extension.debug.xcconfig"; sourceTree = "<group>"; };
		A6DA68D031024D3FEB1E02F1 /* Pods-e926UITests.release.xcconfig */ = {isa = PBXFileReference; includeInIndex = 1; lastKnownFileType = text.xcconfig; name = "Pods-e926UITests.release.xcconfig"; path = "Pods/Target Support Files/Pods-e926UITests/Pods-e926UITests.release.xcconfig"; sourceTree = "<group>"; };
		AC80BB0028B3425D6805B8F8 /* Pods_e926.framework */ = {isa = PBXFileReference; explicitFileType = wrapper.framework; includeInIndex = 0; path = Pods_e926.framework; sourceTree = BUILT_PRODUCTS_DIR; };
		B9D6B1A2A697007E36E7E099 /* Pods_e926UITests.framework */ = {isa = PBXFileReference; explicitFileType = wrapper.framework; includeInIndex = 0; path = Pods_e926UITests.framework; sourceTree = BUILT_PRODUCTS_DIR; };
		CAFF2017C16B982D33A134B2 /* Pods-e926Tests.debug.xcconfig */ = {isa = PBXFileReference; includeInIndex = 1; lastKnownFileType = text.xcconfig; name = "Pods-e926Tests.debug.xcconfig"; path = "Pods/Target Support Files/Pods-e926Tests/Pods-e926Tests.debug.xcconfig"; sourceTree = "<group>"; };
		D86CBB37A057A82F09DB0AA2 /* Pods-e926Tests.release.xcconfig */ = {isa = PBXFileReference; includeInIndex = 1; lastKnownFileType = text.xcconfig; name = "Pods-e926Tests.release.xcconfig"; path = "Pods/Target Support Files/Pods-e926Tests/Pods-e926Tests.release.xcconfig"; sourceTree = "<group>"; };
		D9224A3E1E0ACADA002DFAA1 /* e926-watch.app */ = {isa = PBXFileReference; explicitFileType = wrapper.application; includeInIndex = 0; path = "e926-watch.app"; sourceTree = BUILT_PRODUCTS_DIR; };
		D9224A411E0ACADA002DFAA1 /* Base */ = {isa = PBXFileReference; lastKnownFileType = file.storyboard; name = Base; path = Base.lproj/Interface.storyboard; sourceTree = "<group>"; };
		D9224A451E0ACADA002DFAA1 /* Info.plist */ = {isa = PBXFileReference; lastKnownFileType = text.plist.xml; path = Info.plist; sourceTree = "<group>"; };
		D9224A4A1E0ACADA002DFAA1 /* e926-watch Extension.appex */ = {isa = PBXFileReference; explicitFileType = "wrapper.app-extension"; includeInIndex = 0; path = "e926-watch Extension.appex"; sourceTree = BUILT_PRODUCTS_DIR; };
		D9224A501E0ACADA002DFAA1 /* PushNotificationPayload.apns */ = {isa = PBXFileReference; lastKnownFileType = text; path = PushNotificationPayload.apns; sourceTree = "<group>"; };
		D9224A511E0ACADA002DFAA1 /* InterfaceController.swift */ = {isa = PBXFileReference; lastKnownFileType = sourcecode.swift; path = InterfaceController.swift; sourceTree = "<group>"; };
		D9224A531E0ACADA002DFAA1 /* ExtensionDelegate.swift */ = {isa = PBXFileReference; lastKnownFileType = sourcecode.swift; path = ExtensionDelegate.swift; sourceTree = "<group>"; };
		D9224A551E0ACADA002DFAA1 /* NotificationController.swift */ = {isa = PBXFileReference; lastKnownFileType = sourcecode.swift; path = NotificationController.swift; sourceTree = "<group>"; };
		D9224A571E0ACADA002DFAA1 /* Assets.xcassets */ = {isa = PBXFileReference; lastKnownFileType = folder.assetcatalog; path = Assets.xcassets; sourceTree = "<group>"; };
		D9224A591E0ACADA002DFAA1 /* Info.plist */ = {isa = PBXFileReference; lastKnownFileType = text.plist.xml; path = Info.plist; sourceTree = "<group>"; };
		D93298AA1E7355A6005573E0 /* UIScrollView_InfiniteScroll.framework */ = {isa = PBXFileReference; lastKnownFileType = wrapper.framework; name = UIScrollView_InfiniteScroll.framework; path = "../../../../Developer/Xcode/DerivedData/e926-ebwztszlvsffnpaetixrfjlqaqej/Build/Products/Debug-iphoneos/UIScrollView-InfiniteScroll/UIScrollView_InfiniteScroll.framework"; sourceTree = "<group>"; };
		D932F7961EE76B4A002C6E46 /* WatchSettingTableVC.swift */ = {isa = PBXFileReference; lastKnownFileType = sourcecode.swift; path = WatchSettingTableVC.swift; sourceTree = "<group>"; };
		D956B0AD1EE2A3B200EE8340 /* Alamofire.framework */ = {isa = PBXFileReference; lastKnownFileType = wrapper.framework; name = Alamofire.framework; path = "Pods/../build/Debug-iphoneos/Alamofire-iOS/Alamofire.framework"; sourceTree = "<group>"; };
		D959BE661DAC40CA00FE59CE /* ImageDetailVC.swift */ = {isa = PBXFileReference; fileEncoding = 4; lastKnownFileType = sourcecode.swift; path = ImageDetailVC.swift; sourceTree = "<group>"; };
		D959BE681DAC77C200FE59CE /* SearchManager.swift */ = {isa = PBXFileReference; fileEncoding = 4; lastKnownFileType = sourcecode.swift; path = SearchManager.swift; sourceTree = "<group>"; };
		D97880FD1E7F099E0037B0D4 /* SwiftGifOrigin.framework */ = {isa = PBXFileReference; lastKnownFileType = wrapper.framework; name = SwiftGifOrigin.framework; path = "../../../../Developer/Xcode/DerivedData/e926-ebwztszlvsffnpaetixrfjlqaqej/Build/Products/Debug-iphoneos/SwiftGifOrigin/SwiftGifOrigin.framework"; sourceTree = "<group>"; };
		D98A90AF1EE79C2400ED3966 /* ViewModel.swift */ = {isa = PBXFileReference; lastKnownFileType = sourcecode.swift; path = ViewModel.swift; sourceTree = "<group>"; };
		D98A90B31EE79FD000ED3966 /* e926.entitlements */ = {isa = PBXFileReference; lastKnownFileType = text.plist.entitlements; path = e926.entitlements; sourceTree = "<group>"; };
		D98A90B41EE7A05C00ED3966 /* e926-watch.entitlements */ = {isa = PBXFileReference; lastKnownFileType = text.plist.entitlements; path = "e926-watch.entitlements"; sourceTree = "<group>"; };
		D98A90B51EE7A06200ED3966 /* e926-watch Extension.entitlements */ = {isa = PBXFileReference; lastKnownFileType = text.plist.entitlements; path = "e926-watch Extension.entitlements"; sourceTree = "<group>"; };
		D98A90B61EE7A29E00ED3966 /* Assets.xcassets */ = {isa = PBXFileReference; lastKnownFileType = folder.assetcatalog; path = Assets.xcassets; sourceTree = "<group>"; };
		D98A90B71EE7A57400ED3966 /* SharedSession.swift */ = {isa = PBXFileReference; lastKnownFileType = sourcecode.swift; path = SharedSession.swift; sourceTree = "<group>"; };
		D99639B11EE78F6200F08B09 /* SearchViewIC.swift */ = {isa = PBXFileReference; lastKnownFileType = sourcecode.swift; path = SearchViewIC.swift; sourceTree = "<group>"; };
		D9A5EB9A1E638B8800850851 /* Utils.swift */ = {isa = PBXFileReference; fileEncoding = 4; lastKnownFileType = sourcecode.swift; path = Utils.swift; sourceTree = "<group>"; };
		D9A5EB9C1E63B98800850851 /* PromiseKit.framework */ = {isa = PBXFileReference; lastKnownFileType = wrapper.framework; name = PromiseKit.framework; path = "../../../../Developer/Xcode/DerivedData/e926-ebwztszlvsffnpaetixrfjlqaqej/Build/Products/Debug-iphoneos/PromiseKit-iOS/PromiseKit.framework"; sourceTree = "<group>"; };
		D9A5EB9E1E63B99100850851 /* PromiseKit.framework */ = {isa = PBXFileReference; lastKnownFileType = wrapper.framework; name = PromiseKit.framework; path = "../../../../Developer/Xcode/DerivedData/e926-ebwztszlvsffnpaetixrfjlqaqej/Build/Products/Debug-watchos/PromiseKit-watchOS/PromiseKit.framework"; sourceTree = "<group>"; };
		D9ABFF021EE4BC0800FE7BD3 /* Alamofire.framework */ = {isa = PBXFileReference; lastKnownFileType = wrapper.framework; name = Alamofire.framework; path = "../../../../Developer/Xcode/DerivedData/e926-ebwztszlvsffnpaetixrfjlqaqej/Build/Products/Debug-iphonesimulator/Alamofire/Alamofire.framework"; sourceTree = "<group>"; };
		D9B080B01DA9C06000BDC28C /* e926.app */ = {isa = PBXFileReference; explicitFileType = wrapper.application; includeInIndex = 0; path = e926.app; sourceTree = BUILT_PRODUCTS_DIR; };
		D9B080B31DA9C06000BDC28C /* AppDelegate.swift */ = {isa = PBXFileReference; lastKnownFileType = sourcecode.swift; path = AppDelegate.swift; sourceTree = "<group>"; };
		D9B080BC1DA9C06000BDC28C /* Assets.xcassets */ = {isa = PBXFileReference; lastKnownFileType = folder.assetcatalog; path = Assets.xcassets; sourceTree = "<group>"; };
		D9B080C11DA9C06000BDC28C /* Info.plist */ = {isa = PBXFileReference; lastKnownFileType = text.plist.xml; path = Info.plist; sourceTree = "<group>"; };
		D9B080C61DA9C06000BDC28C /* e926Tests.xctest */ = {isa = PBXFileReference; explicitFileType = wrapper.cfbundle; includeInIndex = 0; path = e926Tests.xctest; sourceTree = BUILT_PRODUCTS_DIR; };
		D9B080CA1DA9C06000BDC28C /* e926Tests.swift */ = {isa = PBXFileReference; lastKnownFileType = sourcecode.swift; path = e926Tests.swift; sourceTree = "<group>"; };
		D9B080CC1DA9C06000BDC28C /* Info.plist */ = {isa = PBXFileReference; lastKnownFileType = text.plist.xml; path = Info.plist; sourceTree = "<group>"; };
		D9B080D11DA9C06000BDC28C /* e926UITests.xctest */ = {isa = PBXFileReference; explicitFileType = wrapper.cfbundle; includeInIndex = 0; path = e926UITests.xctest; sourceTree = BUILT_PRODUCTS_DIR; };
		D9B080D51DA9C06000BDC28C /* e926UITests.swift */ = {isa = PBXFileReference; lastKnownFileType = sourcecode.swift; path = e926UITests.swift; sourceTree = "<group>"; };
		D9B080D71DA9C06000BDC28C /* Info.plist */ = {isa = PBXFileReference; lastKnownFileType = text.plist.xml; path = Info.plist; sourceTree = "<group>"; };
		D9B080E31DA9C0AD00BDC28C /* LaunchScreen.storyboard */ = {isa = PBXFileReference; fileEncoding = 4; lastKnownFileType = file.storyboard; path = LaunchScreen.storyboard; sourceTree = "<group>"; };
		D9B080E41DA9C0AD00BDC28C /* Main.storyboard */ = {isa = PBXFileReference; fileEncoding = 4; lastKnownFileType = file.storyboard; path = Main.storyboard; sourceTree = "<group>"; };
		D9B080EA1DA9C0E100BDC28C /* Cache.swift */ = {isa = PBXFileReference; fileEncoding = 4; lastKnownFileType = sourcecode.swift; path = Cache.swift; sourceTree = "<group>"; };
		D9B080EC1DA9C0EE00BDC28C /* HomeVC.swift */ = {isa = PBXFileReference; fileEncoding = 4; lastKnownFileType = sourcecode.swift; path = HomeVC.swift; sourceTree = "<group>"; };
		D9B080EE1DA9C0F700BDC28C /* Identity.swift */ = {isa = PBXFileReference; fileEncoding = 4; lastKnownFileType = sourcecode.swift; path = Identity.swift; sourceTree = "<group>"; };
		D9B080F01DA9C0FD00BDC28C /* ListCollectionVC.swift */ = {isa = PBXFileReference; fileEncoding = 4; lastKnownFileType = sourcecode.swift; path = ListCollectionVC.swift; sourceTree = "<group>"; };
		D9B080F31DA9C10C00BDC28C /* MenuTableVC.swift */ = {isa = PBXFileReference; fileEncoding = 4; lastKnownFileType = sourcecode.swift; path = MenuTableVC.swift; sourceTree = "<group>"; };
		D9B080F51DA9C11300BDC28C /* Network.swift */ = {isa = PBXFileReference; fileEncoding = 4; lastKnownFileType = sourcecode.swift; path = Network.swift; sourceTree = "<group>"; };
		D9B080F71DA9C11800BDC28C /* Parser.swift */ = {isa = PBXFileReference; fileEncoding = 4; lastKnownFileType = sourcecode.swift; path = Parser.swift; sourceTree = "<group>"; };
		D9B080F91DA9C11D00BDC28C /* Preferences.swift */ = {isa = PBXFileReference; fileEncoding = 4; lastKnownFileType = sourcecode.swift; path = Preferences.swift; sourceTree = "<group>"; };
		D9B080FB1DA9C12400BDC28C /* Requester.swift */ = {isa = PBXFileReference; fileEncoding = 4; lastKnownFileType = sourcecode.swift; path = Requester.swift; sourceTree = "<group>"; };
		D9B080FD1DA9C12C00BDC28C /* Result.swift */ = {isa = PBXFileReference; fileEncoding = 4; lastKnownFileType = sourcecode.swift; path = Result.swift; sourceTree = "<group>"; };
		D9B080FF1DA9C13100BDC28C /* SearchVC.swift */ = {isa = PBXFileReference; fileEncoding = 4; lastKnownFileType = sourcecode.swift; path = SearchVC.swift; sourceTree = "<group>"; };
		D9B081011DA9C13600BDC28C /* SettingsTableVC.swift */ = {isa = PBXFileReference; fileEncoding = 4; lastKnownFileType = sourcecode.swift; path = SettingsTableVC.swift; sourceTree = "<group>"; };
		D9B081041DA9C14400BDC28C /* Theme.swift */ = {isa = PBXFileReference; fileEncoding = 4; lastKnownFileType = sourcecode.swift; path = Theme.swift; sourceTree = "<group>"; };
		D9DD6D7F1DAADE200016A9C6 /* ImageZoomVC.swift */ = {isa = PBXFileReference; fileEncoding = 4; lastKnownFileType = sourcecode.swift; path = ImageZoomVC.swift; sourceTree = "<group>"; };
		D9E0B7C51ED8034A00E9F1BB /* Data.swift */ = {isa = PBXFileReference; fileEncoding = 4; lastKnownFileType = sourcecode.swift; path = Data.swift; sourceTree = "<group>"; };
		D9E0B7C71ED966CF00E9F1BB /* ListCollectionVM.swift */ = {isa = PBXFileReference; fileEncoding = 4; lastKnownFileType = sourcecode.swift; path = ListCollectionVM.swift; sourceTree = "<group>"; };
		D9E0B7CA1ED9699E00E9F1BB /* Model.swift */ = {isa = PBXFileReference; fileEncoding = 4; lastKnownFileType = sourcecode.swift; path = Model.swift; sourceTree = "<group>"; };
		D9E8F2D71EE2A650003C5A98 /* Alamofire.framework */ = {isa = PBXFileReference; lastKnownFileType = wrapper.framework; name = Alamofire.framework; path = "Pods/../build/Debug-iphoneos/Alamofire-iOS/Alamofire.framework"; sourceTree = "<group>"; };
		D9EB65A11DAA587A0079AF8B /* SearchResultVC.swift */ = {isa = PBXFileReference; fileEncoding = 4; lastKnownFileType = sourcecode.swift; path = SearchResultVC.swift; sourceTree = "<group>"; };
		D9EB65A51DAA5FAE0079AF8B /* SearchSuggestionsVC.swift */ = {isa = PBXFileReference; fileEncoding = 4; lastKnownFileType = sourcecode.swift; path = SearchSuggestionsVC.swift; sourceTree = "<group>"; };
		DDA52C18FC695AB83D1669D7 /* Pods-e926UITests.debug.xcconfig */ = {isa = PBXFileReference; includeInIndex = 1; lastKnownFileType = text.xcconfig; name = "Pods-e926UITests.debug.xcconfig"; path = "Pods/Target Support Files/Pods-e926UITests/Pods-e926UITests.debug.xcconfig"; sourceTree = "<group>"; };
		DE4FAC861FC544572C489011 /* Pods_e926Tests.framework */ = {isa = PBXFileReference; explicitFileType = wrapper.framework; includeInIndex = 0; path = Pods_e926Tests.framework; sourceTree = BUILT_PRODUCTS_DIR; };
		ED102CC2F5FE3602CB039D6E /* Pods-e926-watch Extension.release.xcconfig */ = {isa = PBXFileReference; includeInIndex = 1; lastKnownFileType = text.xcconfig; name = "Pods-e926-watch Extension.release.xcconfig"; path = "Pods/Target Support Files/Pods-e926-watch Extension/Pods-e926-watch Extension.release.xcconfig"; sourceTree = "<group>"; };
		F3B39D9BAE7B79B395BC7EBF /* Pods_e926_watch.framework */ = {isa = PBXFileReference; explicitFileType = wrapper.framework; includeInIndex = 0; path = Pods_e926_watch.framework; sourceTree = BUILT_PRODUCTS_DIR; };
		FAC38D6FF42F10A2ACD6463B /* Pods_e926_watch_Extension.framework */ = {isa = PBXFileReference; explicitFileType = wrapper.framework; includeInIndex = 0; path = Pods_e926_watch_Extension.framework; sourceTree = BUILT_PRODUCTS_DIR; };
/* End PBXFileReference section */

/* Begin PBXFrameworksBuildPhase section */
		D9224A471E0ACADA002DFAA1 /* Frameworks */ = {
			isa = PBXFrameworksBuildPhase;
			buildActionMask = 2147483647;
			files = (
				97C86E542CC6F345AE56BB95 /* Pods_e926_watch_Extension.framework in Frameworks */,
			);
			runOnlyForDeploymentPostprocessing = 0;
		};
		D9B080AD1DA9C06000BDC28C /* Frameworks */ = {
			isa = PBXFrameworksBuildPhase;
			buildActionMask = 2147483647;
			files = (
				D9ABFF031EE4BC0800FE7BD3 /* Alamofire.framework in Frameworks */,
				D97880FE1E7F099E0037B0D4 /* SwiftGifOrigin.framework in Frameworks */,
				D93298AB1E7355A6005573E0 /* UIScrollView_InfiniteScroll.framework in Frameworks */,
				D9A5EB9D1E63B98800850851 /* PromiseKit.framework in Frameworks */,
				701D65E3D5ABB9EFBDEACA4B /* Pods_e926.framework in Frameworks */,
			);
			runOnlyForDeploymentPostprocessing = 0;
		};
		D9B080C31DA9C06000BDC28C /* Frameworks */ = {
			isa = PBXFrameworksBuildPhase;
			buildActionMask = 2147483647;
			files = (
				E26BC97B30CF1F78A22C004D /* Pods_e926Tests.framework in Frameworks */,
			);
			runOnlyForDeploymentPostprocessing = 0;
		};
		D9B080CE1DA9C06000BDC28C /* Frameworks */ = {
			isa = PBXFrameworksBuildPhase;
			buildActionMask = 2147483647;
			files = (
				037EDC51C93687D55A91D67D /* Pods_e926UITests.framework in Frameworks */,
			);
			runOnlyForDeploymentPostprocessing = 0;
		};
		F0359CE197B5B4E07DE7ED6A /* Frameworks */ = {
			isa = PBXFrameworksBuildPhase;
			buildActionMask = 2147483647;
			files = (
				D9A5EB9F1E63B99100850851 /* PromiseKit.framework in Frameworks */,
				600180E3D98EC2ED18EA811E /* Pods_e926_watch.framework in Frameworks */,
			);
			runOnlyForDeploymentPostprocessing = 0;
		};
/* End PBXFrameworksBuildPhase section */

/* Begin PBXGroup section */
		354F8AE0FC25C726658F6C16 /* Pods */ = {
			isa = PBXGroup;
			children = (
				4F1E7B8F396EC0BD0E064FF9 /* Pods-e926.debug.xcconfig */,
				74BF6B926DAB472B39A30D61 /* Pods-e926.release.xcconfig */,
				5C7032CB24C10A8778D63B47 /* Pods-e926-watch.debug.xcconfig */,
				762537DEE317DD7A6121CA57 /* Pods-e926-watch.release.xcconfig */,
				928EEB018412645373538569 /* Pods-e926-watch Extension.debug.xcconfig */,
				ED102CC2F5FE3602CB039D6E /* Pods-e926-watch Extension.release.xcconfig */,
				CAFF2017C16B982D33A134B2 /* Pods-e926Tests.debug.xcconfig */,
				D86CBB37A057A82F09DB0AA2 /* Pods-e926Tests.release.xcconfig */,
				DDA52C18FC695AB83D1669D7 /* Pods-e926UITests.debug.xcconfig */,
				A6DA68D031024D3FEB1E02F1 /* Pods-e926UITests.release.xcconfig */,
			);
			name = Pods;
			sourceTree = "<group>";
		};
		A394754A6BC2D90B5AEFA33B /* Frameworks */ = {
			isa = PBXGroup;
			children = (
				D9ABFF021EE4BC0800FE7BD3 /* Alamofire.framework */,
				D9E8F2D71EE2A650003C5A98 /* Alamofire.framework */,
				D956B0AD1EE2A3B200EE8340 /* Alamofire.framework */,
				D97880FD1E7F099E0037B0D4 /* SwiftGifOrigin.framework */,
				D93298AA1E7355A6005573E0 /* UIScrollView_InfiniteScroll.framework */,
				D9A5EB9E1E63B99100850851 /* PromiseKit.framework */,
				D9A5EB9C1E63B98800850851 /* PromiseKit.framework */,
				AC80BB0028B3425D6805B8F8 /* Pods_e926.framework */,
				F3B39D9BAE7B79B395BC7EBF /* Pods_e926_watch.framework */,
				FAC38D6FF42F10A2ACD6463B /* Pods_e926_watch_Extension.framework */,
				DE4FAC861FC544572C489011 /* Pods_e926Tests.framework */,
				B9D6B1A2A697007E36E7E099 /* Pods_e926UITests.framework */,
			);
			name = Frameworks;
			sourceTree = "<group>";
		};
		D9224A3F1E0ACADA002DFAA1 /* e926-watch */ = {
			isa = PBXGroup;
			children = (
				D98A90B41EE7A05C00ED3966 /* e926-watch.entitlements */,
				D9224A401E0ACADA002DFAA1 /* Interface.storyboard */,
				D98A90B61EE7A29E00ED3966 /* Assets.xcassets */,
				D9224A451E0ACADA002DFAA1 /* Info.plist */,
				D99639B11EE78F6200F08B09 /* SearchViewIC.swift */,
			);
			path = "e926-watch";
			sourceTree = "<group>";
		};
		D9224A4E1E0ACADA002DFAA1 /* e926-watch Extension */ = {
			isa = PBXGroup;
			children = (
				D98A90B51EE7A06200ED3966 /* e926-watch Extension.entitlements */,
				D9224A511E0ACADA002DFAA1 /* InterfaceController.swift */,
				D9224A531E0ACADA002DFAA1 /* ExtensionDelegate.swift */,
				D9224A551E0ACADA002DFAA1 /* NotificationController.swift */,
				D9224A571E0ACADA002DFAA1 /* Assets.xcassets */,
				D9224A591E0ACADA002DFAA1 /* Info.plist */,
				D9224A4F1E0ACADA002DFAA1 /* Supporting Files */,
			);
			path = "e926-watch Extension";
			sourceTree = "<group>";
		};
		D9224A4F1E0ACADA002DFAA1 /* Supporting Files */ = {
			isa = PBXGroup;
			children = (
				D9224A501E0ACADA002DFAA1 /* PushNotificationPayload.apns */,
			);
			name = "Supporting Files";
			sourceTree = "<group>";
		};
		D9B080A71DA9C06000BDC28C = {
			isa = PBXGroup;
			children = (
				D9B080B21DA9C06000BDC28C /* e926 */,
				D9B080C91DA9C06000BDC28C /* e926Tests */,
				D9B080D41DA9C06000BDC28C /* e926UITests */,
				D9224A3F1E0ACADA002DFAA1 /* e926-watch */,
				D9224A4E1E0ACADA002DFAA1 /* e926-watch Extension */,
				D9B080B11DA9C06000BDC28C /* Products */,
				354F8AE0FC25C726658F6C16 /* Pods */,
				A394754A6BC2D90B5AEFA33B /* Frameworks */,
			);
			sourceTree = "<group>";
		};
		D9B080B11DA9C06000BDC28C /* Products */ = {
			isa = PBXGroup;
			children = (
				D9B080B01DA9C06000BDC28C /* e926.app */,
				D9B080C61DA9C06000BDC28C /* e926Tests.xctest */,
				D9B080D11DA9C06000BDC28C /* e926UITests.xctest */,
				D9224A3E1E0ACADA002DFAA1 /* e926-watch.app */,
				D9224A4A1E0ACADA002DFAA1 /* e926-watch Extension.appex */,
			);
			name = Products;
			sourceTree = "<group>";
		};
		D9B080B21DA9C06000BDC28C /* e926 */ = {
			isa = PBXGroup;
			children = (
				D98A90B31EE79FD000ED3966 /* e926.entitlements */,
				D9B080B31DA9C06000BDC28C /* AppDelegate.swift */,
				D98A90B71EE7A57400ED3966 /* SharedSession.swift */,
				D9B080BC1DA9C06000BDC28C /* Assets.xcassets */,
				D9B080E31DA9C0AD00BDC28C /* LaunchScreen.storyboard */,
				D9B080E41DA9C0AD00BDC28C /* Main.storyboard */,
				D9B080C11DA9C06000BDC28C /* Info.plist */,
				D9B080E91DA9C0CD00BDC28C /* Utils */,
				D9B080E81DA9C0BA00BDC28C /* Server */,
				D9E0B7C91ED9697400E9F1BB /* Model */,
				D9B080E71DA9C0B200BDC28C /* UI */,
			);
			path = e926;
			sourceTree = "<group>";
		};
		D9B080C91DA9C06000BDC28C /* e926Tests */ = {
			isa = PBXGroup;
			children = (
				D9B080CA1DA9C06000BDC28C /* e926Tests.swift */,
				D9B080CC1DA9C06000BDC28C /* Info.plist */,
			);
			path = e926Tests;
			sourceTree = "<group>";
		};
		D9B080D41DA9C06000BDC28C /* e926UITests */ = {
			isa = PBXGroup;
			children = (
				D9B080D51DA9C06000BDC28C /* e926UITests.swift */,
				D9B080D71DA9C06000BDC28C /* Info.plist */,
			);
			path = e926UITests;
			sourceTree = "<group>";
		};
		D9B080E71DA9C0B200BDC28C /* UI */ = {
			isa = PBXGroup;
			children = (
				D9B080F21DA9C10100BDC28C /* List */,
				D9B080EC1DA9C0EE00BDC28C /* HomeVC.swift */,
				D9B080FF1DA9C13100BDC28C /* SearchVC.swift */,
				D9EB65A31DAA58820079AF8B /* Search */,
				D9B080F31DA9C10C00BDC28C /* MenuTableVC.swift */,
				D9B081031DA9C13800BDC28C /* Menu */,
			);
			name = UI;
			sourceTree = "<group>";
		};
		D9B080E81DA9C0BA00BDC28C /* Server */ = {
			isa = PBXGroup;
			children = (
				D9B080EE1DA9C0F700BDC28C /* Identity.swift */,
				D9B080F71DA9C11800BDC28C /* Parser.swift */,
				D9B080FB1DA9C12400BDC28C /* Requester.swift */,
				D9B080FD1DA9C12C00BDC28C /* Result.swift */,
				D9E0B7C51ED8034A00E9F1BB /* Data.swift */,
			);
			name = Server;
			sourceTree = "<group>";
		};
		D9B080E91DA9C0CD00BDC28C /* Utils */ = {
			isa = PBXGroup;
			children = (
				D9B080EA1DA9C0E100BDC28C /* Cache.swift */,
				D9B080F51DA9C11300BDC28C /* Network.swift */,
				D9B080F91DA9C11D00BDC28C /* Preferences.swift */,
				D9B081041DA9C14400BDC28C /* Theme.swift */,
				D959BE681DAC77C200FE59CE /* SearchManager.swift */,
				D9A5EB9A1E638B8800850851 /* Utils.swift */,
			);
			name = Utils;
			sourceTree = "<group>";
		};
		D9B080F21DA9C10100BDC28C /* List */ = {
			isa = PBXGroup;
			children = (
				D9B080F01DA9C0FD00BDC28C /* ListCollectionVC.swift */,
				D9DD6D7F1DAADE200016A9C6 /* ImageZoomVC.swift */,
				D959BE661DAC40CA00FE59CE /* ImageDetailVC.swift */,
				D9E0B7C71ED966CF00E9F1BB /* ListCollectionVM.swift */,
			);
			name = List;
			sourceTree = "<group>";
		};
		D9B081031DA9C13800BDC28C /* Menu */ = {
			isa = PBXGroup;
			children = (
				D9B081011DA9C13600BDC28C /* SettingsTableVC.swift */,
				D932F7961EE76B4A002C6E46 /* WatchSettingTableVC.swift */,
			);
			name = Menu;
			sourceTree = "<group>";
		};
		D9E0B7C91ED9697400E9F1BB /* Model */ = {
			isa = PBXGroup;
			children = (
				D9E0B7CA1ED9699E00E9F1BB /* Model.swift */,
				D98A90AF1EE79C2400ED3966 /* ViewModel.swift */,
			);
			name = Model;
			sourceTree = "<group>";
		};
		D9EB65A31DAA58820079AF8B /* Search */ = {
			isa = PBXGroup;
			children = (
				D9EB65A11DAA587A0079AF8B /* SearchResultVC.swift */,
				D9EB65A51DAA5FAE0079AF8B /* SearchSuggestionsVC.swift */,
			);
			name = Search;
			sourceTree = "<group>";
		};
/* End PBXGroup section */

/* Begin PBXNativeTarget section */
		D9224A3D1E0ACADA002DFAA1 /* e926-watch */ = {
			isa = PBXNativeTarget;
			buildConfigurationList = D9224A631E0ACADA002DFAA1 /* Build configuration list for PBXNativeTarget "e926-watch" */;
			buildPhases = (
				2A1624EA80E667187E22E644 /* [CP] Check Pods Manifest.lock */,
				D9224A3C1E0ACADA002DFAA1 /* Resources */,
				D9224A621E0ACADA002DFAA1 /* Embed App Extensions */,
				F0359CE197B5B4E07DE7ED6A /* Frameworks */,
				27CEC9C795D4B5721D3E1567 /* [CP] Copy Pods Resources */,
			);
			buildRules = (
			);
			dependencies = (
				D9224A4D1E0ACADA002DFAA1 /* PBXTargetDependency */,
			);
			name = "e926-watch";
			productName = "e926-watch";
			productReference = D9224A3E1E0ACADA002DFAA1 /* e926-watch.app */;
			productType = "com.apple.product-type.application.watchapp2";
		};
		D9224A491E0ACADA002DFAA1 /* e926-watch Extension */ = {
			isa = PBXNativeTarget;
			buildConfigurationList = D9224A611E0ACADA002DFAA1 /* Build configuration list for PBXNativeTarget "e926-watch Extension" */;
			buildPhases = (
				38A50997440C9821CB930293 /* [CP] Check Pods Manifest.lock */,
				D9224A461E0ACADA002DFAA1 /* Sources */,
				D9224A471E0ACADA002DFAA1 /* Frameworks */,
				D9224A481E0ACADA002DFAA1 /* Resources */,
				04DFBCDC1BD1AF0CA2A88F94 /* [CP] Embed Pods Frameworks */,
				C3ACC816A64E74A878FCE2E8 /* [CP] Copy Pods Resources */,
			);
			buildRules = (
			);
			dependencies = (
			);
			name = "e926-watch Extension";
			productName = "e926-watch Extension";
			productReference = D9224A4A1E0ACADA002DFAA1 /* e926-watch Extension.appex */;
			productType = "com.apple.product-type.watchkit2-extension";
		};
		D9B080AF1DA9C06000BDC28C /* e926 */ = {
			isa = PBXNativeTarget;
			buildConfigurationList = D9B080DA1DA9C06000BDC28C /* Build configuration list for PBXNativeTarget "e926" */;
			buildPhases = (
				67AC20ADB03286D1C5494550 /* [CP] Check Pods Manifest.lock */,
				D9B080AC1DA9C06000BDC28C /* Sources */,
				D9B080AD1DA9C06000BDC28C /* Frameworks */,
				D9B080AE1DA9C06000BDC28C /* Resources */,
				D9224A641E0ACADA002DFAA1 /* Embed Watch Content */,
				2DE20DB5578F4B3F253993BE /* [CP] Embed Pods Frameworks */,
				BC6A09D3B49CF1E03A1EC1F8 /* [CP] Copy Pods Resources */,
			);
			buildRules = (
			);
			dependencies = (
				D9224A5B1E0ACADA002DFAA1 /* PBXTargetDependency */,
			);
			name = e926;
			productName = e926;
			productReference = D9B080B01DA9C06000BDC28C /* e926.app */;
			productType = "com.apple.product-type.application";
		};
		D9B080C51DA9C06000BDC28C /* e926Tests */ = {
			isa = PBXNativeTarget;
			buildConfigurationList = D9B080DD1DA9C06000BDC28C /* Build configuration list for PBXNativeTarget "e926Tests" */;
			buildPhases = (
				7206AB7DFADD65BB03276932 /* [CP] Check Pods Manifest.lock */,
				D9B080C21DA9C06000BDC28C /* Sources */,
				D9B080C31DA9C06000BDC28C /* Frameworks */,
				D9B080C41DA9C06000BDC28C /* Resources */,
				96F517B51ED9C2DE27C0366D /* [CP] Embed Pods Frameworks */,
				8D877E56E4A64FA6A1C7E56C /* [CP] Copy Pods Resources */,
			);
			buildRules = (
			);
			dependencies = (
				D9B080C81DA9C06000BDC28C /* PBXTargetDependency */,
			);
			name = e926Tests;
			productName = e926Tests;
			productReference = D9B080C61DA9C06000BDC28C /* e926Tests.xctest */;
			productType = "com.apple.product-type.bundle.unit-test";
		};
		D9B080D01DA9C06000BDC28C /* e926UITests */ = {
			isa = PBXNativeTarget;
			buildConfigurationList = D9B080E01DA9C06000BDC28C /* Build configuration list for PBXNativeTarget "e926UITests" */;
			buildPhases = (
				7906E345BA2280D4B325BDBA /* [CP] Check Pods Manifest.lock */,
				D9B080CD1DA9C06000BDC28C /* Sources */,
				D9B080CE1DA9C06000BDC28C /* Frameworks */,
				D9B080CF1DA9C06000BDC28C /* Resources */,
				5300EE044A6E5CA540BD8EBD /* [CP] Embed Pods Frameworks */,
				0FD125066ED55104F59283C6 /* [CP] Copy Pods Resources */,
			);
			buildRules = (
			);
			dependencies = (
				D9B080D31DA9C06000BDC28C /* PBXTargetDependency */,
			);
			name = e926UITests;
			productName = e926UITests;
			productReference = D9B080D11DA9C06000BDC28C /* e926UITests.xctest */;
			productType = "com.apple.product-type.bundle.ui-testing";
		};
/* End PBXNativeTarget section */

/* Begin PBXProject section */
		D9B080A81DA9C06000BDC28C /* Project object */ = {
			isa = PBXProject;
			attributes = {
				LastSwiftUpdateCheck = 0820;
				LastUpgradeCheck = 0820;
				ORGANIZATIONNAME = "Austin Chau";
				TargetAttributes = {
					D9224A3D1E0ACADA002DFAA1 = {
						CreatedOnToolsVersion = 8.2;
						DevelopmentTeam = D7S2KUY3DK;
						LastSwiftMigration = 0900;
						ProvisioningStyle = Automatic;
						SystemCapabilities = {
							com.apple.ApplicationGroups.iOS = {
								enabled = 1;
							};
						};
					};
					D9224A491E0ACADA002DFAA1 = {
						CreatedOnToolsVersion = 8.2;
						DevelopmentTeam = D7S2KUY3DK;
						ProvisioningStyle = Automatic;
						SystemCapabilities = {
							com.apple.ApplicationGroups.iOS = {
								enabled = 1;
							};
						};
					};
					D9B080AF1DA9C06000BDC28C = {
						CreatedOnToolsVersion = 8.1;
						DevelopmentTeam = D7S2KUY3DK;
						LastSwiftMigration = 0810;
						ProvisioningStyle = Automatic;
						SystemCapabilities = {
							com.apple.ApplicationGroups.iOS = {
								enabled = 1;
							};
						};
					};
					D9B080C51DA9C06000BDC28C = {
						CreatedOnToolsVersion = 8.1;
						DevelopmentTeam = D7S2KUY3DK;
						ProvisioningStyle = Automatic;
						TestTargetID = D9B080AF1DA9C06000BDC28C;
					};
					D9B080D01DA9C06000BDC28C = {
						CreatedOnToolsVersion = 8.1;
						DevelopmentTeam = D7S2KUY3DK;
						ProvisioningStyle = Automatic;
						TestTargetID = D9B080AF1DA9C06000BDC28C;
					};
				};
			};
			buildConfigurationList = D9B080AB1DA9C06000BDC28C /* Build configuration list for PBXProject "e926" */;
			compatibilityVersion = "Xcode 3.2";
			developmentRegion = English;
			hasScannedForEncodings = 0;
			knownRegions = (
				en,
				Base,
			);
			mainGroup = D9B080A71DA9C06000BDC28C;
			productRefGroup = D9B080B11DA9C06000BDC28C /* Products */;
			projectDirPath = "";
			projectRoot = "";
			targets = (
				D9B080AF1DA9C06000BDC28C /* e926 */,
				D9B080C51DA9C06000BDC28C /* e926Tests */,
				D9B080D01DA9C06000BDC28C /* e926UITests */,
				D9224A3D1E0ACADA002DFAA1 /* e926-watch */,
				D9224A491E0ACADA002DFAA1 /* e926-watch Extension */,
			);
		};
/* End PBXProject section */

/* Begin PBXResourcesBuildPhase section */
		D9224A3C1E0ACADA002DFAA1 /* Resources */ = {
			isa = PBXResourcesBuildPhase;
			buildActionMask = 2147483647;
			files = (
				D9224A421E0ACADA002DFAA1 /* Interface.storyboard in Resources */,
			);
			runOnlyForDeploymentPostprocessing = 0;
		};
		D9224A481E0ACADA002DFAA1 /* Resources */ = {
			isa = PBXResourcesBuildPhase;
			buildActionMask = 2147483647;
			files = (
				D9224A581E0ACADA002DFAA1 /* Assets.xcassets in Resources */,
			);
			runOnlyForDeploymentPostprocessing = 0;
		};
		D9B080AE1DA9C06000BDC28C /* Resources */ = {
			isa = PBXResourcesBuildPhase;
			buildActionMask = 2147483647;
			files = (
				D9B080E61DA9C0AD00BDC28C /* Main.storyboard in Resources */,
				D9B080BD1DA9C06000BDC28C /* Assets.xcassets in Resources */,
				D9B080E51DA9C0AD00BDC28C /* LaunchScreen.storyboard in Resources */,
			);
			runOnlyForDeploymentPostprocessing = 0;
		};
		D9B080C41DA9C06000BDC28C /* Resources */ = {
			isa = PBXResourcesBuildPhase;
			buildActionMask = 2147483647;
			files = (
			);
			runOnlyForDeploymentPostprocessing = 0;
		};
		D9B080CF1DA9C06000BDC28C /* Resources */ = {
			isa = PBXResourcesBuildPhase;
			buildActionMask = 2147483647;
			files = (
			);
			runOnlyForDeploymentPostprocessing = 0;
		};
/* End PBXResourcesBuildPhase section */

/* Begin PBXShellScriptBuildPhase section */
		04DFBCDC1BD1AF0CA2A88F94 /* [CP] Embed Pods Frameworks */ = {
			isa = PBXShellScriptBuildPhase;
			buildActionMask = 2147483647;
			files = (
			);
			inputPaths = (
			);
			name = "[CP] Embed Pods Frameworks";
			outputPaths = (
			);
			runOnlyForDeploymentPostprocessing = 0;
			shellPath = /bin/sh;
			shellScript = "\"${SRCROOT}/Pods/Target Support Files/Pods-e926-watch Extension/Pods-e926-watch Extension-frameworks.sh\"\n";
			showEnvVarsInLog = 0;
		};
		0FD125066ED55104F59283C6 /* [CP] Copy Pods Resources */ = {
			isa = PBXShellScriptBuildPhase;
			buildActionMask = 2147483647;
			files = (
			);
			inputPaths = (
			);
			name = "[CP] Copy Pods Resources";
			outputPaths = (
			);
			runOnlyForDeploymentPostprocessing = 0;
			shellPath = /bin/sh;
			shellScript = "\"${SRCROOT}/Pods/Target Support Files/Pods-e926UITests/Pods-e926UITests-resources.sh\"\n";
			showEnvVarsInLog = 0;
		};
		27CEC9C795D4B5721D3E1567 /* [CP] Copy Pods Resources */ = {
			isa = PBXShellScriptBuildPhase;
			buildActionMask = 2147483647;
			files = (
			);
			inputPaths = (
			);
			name = "[CP] Copy Pods Resources";
			outputPaths = (
			);
			runOnlyForDeploymentPostprocessing = 0;
			shellPath = /bin/sh;
			shellScript = "\"${SRCROOT}/Pods/Target Support Files/Pods-e926-watch/Pods-e926-watch-resources.sh\"\n";
			showEnvVarsInLog = 0;
		};
		2A1624EA80E667187E22E644 /* [CP] Check Pods Manifest.lock */ = {
			isa = PBXShellScriptBuildPhase;
			buildActionMask = 2147483647;
			files = (
			);
			inputPaths = (
			);
			name = "[CP] Check Pods Manifest.lock";
			outputPaths = (
			);
			runOnlyForDeploymentPostprocessing = 0;
			shellPath = /bin/sh;
			shellScript = "diff \"${PODS_ROOT}/../Podfile.lock\" \"${PODS_ROOT}/Manifest.lock\" > /dev/null\nif [ $? != 0 ] ; then\n    # print error to STDERR\n    echo \"error: The sandbox is not in sync with the Podfile.lock. Run 'pod install' or update your CocoaPods installation.\" >&2\n    exit 1\nfi\n";
			showEnvVarsInLog = 0;
		};
		2DE20DB5578F4B3F253993BE /* [CP] Embed Pods Frameworks */ = {
			isa = PBXShellScriptBuildPhase;
			buildActionMask = 2147483647;
			files = (
			);
			inputPaths = (
			);
			name = "[CP] Embed Pods Frameworks";
			outputPaths = (
			);
			runOnlyForDeploymentPostprocessing = 0;
			shellPath = /bin/sh;
			shellScript = "\"${SRCROOT}/Pods/Target Support Files/Pods-e926/Pods-e926-frameworks.sh\"\n";
			showEnvVarsInLog = 0;
		};
		38A50997440C9821CB930293 /* [CP] Check Pods Manifest.lock */ = {
			isa = PBXShellScriptBuildPhase;
			buildActionMask = 2147483647;
			files = (
			);
			inputPaths = (
			);
			name = "[CP] Check Pods Manifest.lock";
			outputPaths = (
			);
			runOnlyForDeploymentPostprocessing = 0;
			shellPath = /bin/sh;
			shellScript = "diff \"${PODS_ROOT}/../Podfile.lock\" \"${PODS_ROOT}/Manifest.lock\" > /dev/null\nif [ $? != 0 ] ; then\n    # print error to STDERR\n    echo \"error: The sandbox is not in sync with the Podfile.lock. Run 'pod install' or update your CocoaPods installation.\" >&2\n    exit 1\nfi\n";
			showEnvVarsInLog = 0;
		};
		5300EE044A6E5CA540BD8EBD /* [CP] Embed Pods Frameworks */ = {
			isa = PBXShellScriptBuildPhase;
			buildActionMask = 2147483647;
			files = (
			);
			inputPaths = (
			);
			name = "[CP] Embed Pods Frameworks";
			outputPaths = (
			);
			runOnlyForDeploymentPostprocessing = 0;
			shellPath = /bin/sh;
			shellScript = "\"${SRCROOT}/Pods/Target Support Files/Pods-e926UITests/Pods-e926UITests-frameworks.sh\"\n";
			showEnvVarsInLog = 0;
		};
		67AC20ADB03286D1C5494550 /* [CP] Check Pods Manifest.lock */ = {
			isa = PBXShellScriptBuildPhase;
			buildActionMask = 2147483647;
			files = (
			);
			inputPaths = (
			);
			name = "[CP] Check Pods Manifest.lock";
			outputPaths = (
			);
			runOnlyForDeploymentPostprocessing = 0;
			shellPath = /bin/sh;
			shellScript = "diff \"${PODS_ROOT}/../Podfile.lock\" \"${PODS_ROOT}/Manifest.lock\" > /dev/null\nif [ $? != 0 ] ; then\n    # print error to STDERR\n    echo \"error: The sandbox is not in sync with the Podfile.lock. Run 'pod install' or update your CocoaPods installation.\" >&2\n    exit 1\nfi\n";
			showEnvVarsInLog = 0;
		};
		7206AB7DFADD65BB03276932 /* [CP] Check Pods Manifest.lock */ = {
			isa = PBXShellScriptBuildPhase;
			buildActionMask = 2147483647;
			files = (
			);
			inputPaths = (
			);
			name = "[CP] Check Pods Manifest.lock";
			outputPaths = (
			);
			runOnlyForDeploymentPostprocessing = 0;
			shellPath = /bin/sh;
			shellScript = "diff \"${PODS_ROOT}/../Podfile.lock\" \"${PODS_ROOT}/Manifest.lock\" > /dev/null\nif [ $? != 0 ] ; then\n    # print error to STDERR\n    echo \"error: The sandbox is not in sync with the Podfile.lock. Run 'pod install' or update your CocoaPods installation.\" >&2\n    exit 1\nfi\n";
			showEnvVarsInLog = 0;
		};
		7906E345BA2280D4B325BDBA /* [CP] Check Pods Manifest.lock */ = {
			isa = PBXShellScriptBuildPhase;
			buildActionMask = 2147483647;
			files = (
			);
			inputPaths = (
			);
			name = "[CP] Check Pods Manifest.lock";
			outputPaths = (
			);
			runOnlyForDeploymentPostprocessing = 0;
			shellPath = /bin/sh;
			shellScript = "diff \"${PODS_ROOT}/../Podfile.lock\" \"${PODS_ROOT}/Manifest.lock\" > /dev/null\nif [ $? != 0 ] ; then\n    # print error to STDERR\n    echo \"error: The sandbox is not in sync with the Podfile.lock. Run 'pod install' or update your CocoaPods installation.\" >&2\n    exit 1\nfi\n";
			showEnvVarsInLog = 0;
		};
		8D877E56E4A64FA6A1C7E56C /* [CP] Copy Pods Resources */ = {
			isa = PBXShellScriptBuildPhase;
			buildActionMask = 2147483647;
			files = (
			);
			inputPaths = (
			);
			name = "[CP] Copy Pods Resources";
			outputPaths = (
			);
			runOnlyForDeploymentPostprocessing = 0;
			shellPath = /bin/sh;
			shellScript = "\"${SRCROOT}/Pods/Target Support Files/Pods-e926Tests/Pods-e926Tests-resources.sh\"\n";
			showEnvVarsInLog = 0;
		};
		96F517B51ED9C2DE27C0366D /* [CP] Embed Pods Frameworks */ = {
			isa = PBXShellScriptBuildPhase;
			buildActionMask = 2147483647;
			files = (
			);
			inputPaths = (
			);
			name = "[CP] Embed Pods Frameworks";
			outputPaths = (
			);
			runOnlyForDeploymentPostprocessing = 0;
			shellPath = /bin/sh;
			shellScript = "\"${SRCROOT}/Pods/Target Support Files/Pods-e926Tests/Pods-e926Tests-frameworks.sh\"\n";
			showEnvVarsInLog = 0;
		};
		BC6A09D3B49CF1E03A1EC1F8 /* [CP] Copy Pods Resources */ = {
			isa = PBXShellScriptBuildPhase;
			buildActionMask = 2147483647;
			files = (
			);
			inputPaths = (
			);
			name = "[CP] Copy Pods Resources";
			outputPaths = (
			);
			runOnlyForDeploymentPostprocessing = 0;
			shellPath = /bin/sh;
			shellScript = "\"${SRCROOT}/Pods/Target Support Files/Pods-e926/Pods-e926-resources.sh\"\n";
			showEnvVarsInLog = 0;
		};
		C3ACC816A64E74A878FCE2E8 /* [CP] Copy Pods Resources */ = {
			isa = PBXShellScriptBuildPhase;
			buildActionMask = 2147483647;
			files = (
			);
			inputPaths = (
			);
			name = "[CP] Copy Pods Resources";
			outputPaths = (
			);
			runOnlyForDeploymentPostprocessing = 0;
			shellPath = /bin/sh;
			shellScript = "\"${SRCROOT}/Pods/Target Support Files/Pods-e926-watch Extension/Pods-e926-watch Extension-resources.sh\"\n";
			showEnvVarsInLog = 0;
		};
/* End PBXShellScriptBuildPhase section */

/* Begin PBXSourcesBuildPhase section */
		D9224A461E0ACADA002DFAA1 /* Sources */ = {
			isa = PBXSourcesBuildPhase;
			buildActionMask = 2147483647;
			files = (
				D98A90B11EE79C2400ED3966 /* ViewModel.swift in Sources */,
				D9224A561E0ACADA002DFAA1 /* NotificationController.swift in Sources */,
				D9224A541E0ACADA002DFAA1 /* ExtensionDelegate.swift in Sources */,
				D98A90B91EE7A57400ED3966 /* SharedSession.swift in Sources */,
				D98A90AD1EE79B1200ED3966 /* SearchViewIC.swift in Sources */,
				D9224A521E0ACADA002DFAA1 /* InterfaceController.swift in Sources */,
			);
			runOnlyForDeploymentPostprocessing = 0;
		};
		D9B080AC1DA9C06000BDC28C /* Sources */ = {
			isa = PBXSourcesBuildPhase;
			buildActionMask = 2147483647;
			files = (
				D9E0B7C81ED966CF00E9F1BB /* ListCollectionVM.swift in Sources */,
				D9B081001DA9C13100BDC28C /* SearchVC.swift in Sources */,
				D9B080ED1DA9C0EE00BDC28C /* HomeVC.swift in Sources */,
				D959BE671DAC40CA00FE59CE /* ImageDetailVC.swift in Sources */,
				D9B080EB1DA9C0E100BDC28C /* Cache.swift in Sources */,
				D98A90B01EE79C2400ED3966 /* ViewModel.swift in Sources */,
				D9B080F11DA9C0FD00BDC28C /* ListCollectionVC.swift in Sources */,
				D9B080B41DA9C06000BDC28C /* AppDelegate.swift in Sources */,
				D9B080F81DA9C11800BDC28C /* Parser.swift in Sources */,
				D9E0B7C61ED8034A00E9F1BB /* Data.swift in Sources */,
				D959BE691DAC77C200FE59CE /* SearchManager.swift in Sources */,
				D932F7971EE76B4A002C6E46 /* WatchSettingTableVC.swift in Sources */,
				D9B080F41DA9C10C00BDC28C /* MenuTableVC.swift in Sources */,
				D9DD6D801DAADE200016A9C6 /* ImageZoomVC.swift in Sources */,
				D98A90B21EE79C5800ED3966 /* SearchViewIC.swift in Sources */,
				D9B080F61DA9C11300BDC28C /* Network.swift in Sources */,
				D9B080EF1DA9C0F700BDC28C /* Identity.swift in Sources */,
				D9E0B7CB1ED9699E00E9F1BB /* Model.swift in Sources */,
				D9B080FC1DA9C12400BDC28C /* Requester.swift in Sources */,
				D9B080FA1DA9C11D00BDC28C /* Preferences.swift in Sources */,
				D9EB65A61DAA5FAE0079AF8B /* SearchSuggestionsVC.swift in Sources */,
				D9B081021DA9C13600BDC28C /* SettingsTableVC.swift in Sources */,
				D9A5EB9B1E638B8800850851 /* Utils.swift in Sources */,
				D9EB65A21DAA587A0079AF8B /* SearchResultVC.swift in Sources */,
				D98A90B81EE7A57400ED3966 /* SharedSession.swift in Sources */,
				D9B080FE1DA9C12C00BDC28C /* Result.swift in Sources */,
				D9B081051DA9C14400BDC28C /* Theme.swift in Sources */,
			);
			runOnlyForDeploymentPostprocessing = 0;
		};
		D9B080C21DA9C06000BDC28C /* Sources */ = {
			isa = PBXSourcesBuildPhase;
			buildActionMask = 2147483647;
			files = (
				D9B080CB1DA9C06000BDC28C /* e926Tests.swift in Sources */,
			);
			runOnlyForDeploymentPostprocessing = 0;
		};
		D9B080CD1DA9C06000BDC28C /* Sources */ = {
			isa = PBXSourcesBuildPhase;
			buildActionMask = 2147483647;
			files = (
				D9B080D61DA9C06000BDC28C /* e926UITests.swift in Sources */,
			);
			runOnlyForDeploymentPostprocessing = 0;
		};
/* End PBXSourcesBuildPhase section */

/* Begin PBXTargetDependency section */
		D9224A4D1E0ACADA002DFAA1 /* PBXTargetDependency */ = {
			isa = PBXTargetDependency;
			target = D9224A491E0ACADA002DFAA1 /* e926-watch Extension */;
			targetProxy = D9224A4C1E0ACADA002DFAA1 /* PBXContainerItemProxy */;
		};
		D9224A5B1E0ACADA002DFAA1 /* PBXTargetDependency */ = {
			isa = PBXTargetDependency;
			target = D9224A3D1E0ACADA002DFAA1 /* e926-watch */;
			targetProxy = D9224A5A1E0ACADA002DFAA1 /* PBXContainerItemProxy */;
		};
		D9B080C81DA9C06000BDC28C /* PBXTargetDependency */ = {
			isa = PBXTargetDependency;
			target = D9B080AF1DA9C06000BDC28C /* e926 */;
			targetProxy = D9B080C71DA9C06000BDC28C /* PBXContainerItemProxy */;
		};
		D9B080D31DA9C06000BDC28C /* PBXTargetDependency */ = {
			isa = PBXTargetDependency;
			target = D9B080AF1DA9C06000BDC28C /* e926 */;
			targetProxy = D9B080D21DA9C06000BDC28C /* PBXContainerItemProxy */;
		};
/* End PBXTargetDependency section */

/* Begin PBXVariantGroup section */
		D9224A401E0ACADA002DFAA1 /* Interface.storyboard */ = {
			isa = PBXVariantGroup;
			children = (
				D9224A411E0ACADA002DFAA1 /* Base */,
			);
			name = Interface.storyboard;
			sourceTree = "<group>";
		};
/* End PBXVariantGroup section */

/* Begin XCBuildConfiguration section */
		D9224A5D1E0ACADA002DFAA1 /* Debug */ = {
			isa = XCBuildConfiguration;
			baseConfigurationReference = 5C7032CB24C10A8778D63B47 /* Pods-e926-watch.debug.xcconfig */;
			buildSettings = {
				ALWAYS_EMBED_SWIFT_STANDARD_LIBRARIES = YES;
				ASSETCATALOG_COMPILER_APPICON_NAME = AppIcon;
				CLANG_ENABLE_MODULES = YES;
				CLANG_WARN_SUSPICIOUS_MOVE = YES;
				CODE_SIGN_ENTITLEMENTS = "e926-watch/e926-watch.entitlements";
				DEVELOPMENT_TEAM = D7S2KUY3DK;
				IBSC_MODULE = e926_watch_Extension;
				INFOPLIST_FILE = "e926-watch/Info.plist";
				LD_RUNPATH_SEARCH_PATHS = "$(inherited) @executable_path/../Frameworks @loader_path/../Frameworks";
				PRODUCT_BUNDLE_IDENTIFIER = com.auzbuzzard.e926.watchkitapp;
				PRODUCT_NAME = "$(TARGET_NAME)";
				SDKROOT = watchos;
				SKIP_INSTALL = YES;
				SWIFT_OBJC_BRIDGING_HEADER = "e926-watch/e926-watch-Bridging-Header.h";
				SWIFT_OPTIMIZATION_LEVEL = "-Onone";
				SWIFT_VERSION = 3.0;
				TARGETED_DEVICE_FAMILY = 4;
				WATCHOS_DEPLOYMENT_TARGET = 3.0;
			};
			name = Debug;
		};
		D9224A5E1E0ACADA002DFAA1 /* Release */ = {
			isa = XCBuildConfiguration;
			baseConfigurationReference = 762537DEE317DD7A6121CA57 /* Pods-e926-watch.release.xcconfig */;
			buildSettings = {
				ALWAYS_EMBED_SWIFT_STANDARD_LIBRARIES = YES;
				ASSETCATALOG_COMPILER_APPICON_NAME = AppIcon;
				CLANG_ENABLE_MODULES = YES;
				CLANG_WARN_SUSPICIOUS_MOVE = YES;
				CODE_SIGN_ENTITLEMENTS = "e926-watch/e926-watch.entitlements";
				DEVELOPMENT_TEAM = D7S2KUY3DK;
				IBSC_MODULE = e926_watch_Extension;
				INFOPLIST_FILE = "e926-watch/Info.plist";
				LD_RUNPATH_SEARCH_PATHS = "$(inherited) @executable_path/../Frameworks @loader_path/../Frameworks";
				PRODUCT_BUNDLE_IDENTIFIER = com.auzbuzzard.e926.watchkitapp;
				PRODUCT_NAME = "$(TARGET_NAME)";
				SDKROOT = watchos;
				SKIP_INSTALL = YES;
				SWIFT_OBJC_BRIDGING_HEADER = "e926-watch/e926-watch-Bridging-Header.h";
				SWIFT_VERSION = 3.0;
				TARGETED_DEVICE_FAMILY = 4;
				WATCHOS_DEPLOYMENT_TARGET = 3.0;
			};
			name = Release;
		};
		D9224A5F1E0ACADA002DFAA1 /* Debug */ = {
			isa = XCBuildConfiguration;
			baseConfigurationReference = 928EEB018412645373538569 /* Pods-e926-watch Extension.debug.xcconfig */;
			buildSettings = {
				ASSETCATALOG_COMPILER_COMPLICATION_NAME = Complication;
				CLANG_WARN_SUSPICIOUS_MOVE = YES;
				CODE_SIGN_ENTITLEMENTS = "e926-watch Extension/e926-watch Extension.entitlements";
				DEVELOPMENT_TEAM = D7S2KUY3DK;
				INFOPLIST_FILE = "e926-watch Extension/Info.plist";
				LD_RUNPATH_SEARCH_PATHS = "$(inherited) @executable_path/Frameworks @executable_path/../../Frameworks";
				PRODUCT_BUNDLE_IDENTIFIER = com.auzbuzzard.e926.watchkitapp.watchkitextension;
				PRODUCT_NAME = "${TARGET_NAME}";
				SDKROOT = watchos;
				SKIP_INSTALL = YES;
				SWIFT_VERSION = 3.0;
				TARGETED_DEVICE_FAMILY = 4;
				WATCHOS_DEPLOYMENT_TARGET = 3.1;
			};
			name = Debug;
		};
		D9224A601E0ACADA002DFAA1 /* Release */ = {
			isa = XCBuildConfiguration;
			baseConfigurationReference = ED102CC2F5FE3602CB039D6E /* Pods-e926-watch Extension.release.xcconfig */;
			buildSettings = {
				ASSETCATALOG_COMPILER_COMPLICATION_NAME = Complication;
				CLANG_WARN_SUSPICIOUS_MOVE = YES;
				CODE_SIGN_ENTITLEMENTS = "e926-watch Extension/e926-watch Extension.entitlements";
				DEVELOPMENT_TEAM = D7S2KUY3DK;
				INFOPLIST_FILE = "e926-watch Extension/Info.plist";
				LD_RUNPATH_SEARCH_PATHS = "$(inherited) @executable_path/Frameworks @executable_path/../../Frameworks";
				PRODUCT_BUNDLE_IDENTIFIER = com.auzbuzzard.e926.watchkitapp.watchkitextension;
				PRODUCT_NAME = "${TARGET_NAME}";
				SDKROOT = watchos;
				SKIP_INSTALL = YES;
				SWIFT_VERSION = 3.0;
				TARGETED_DEVICE_FAMILY = 4;
				WATCHOS_DEPLOYMENT_TARGET = 3.1;
			};
			name = Release;
		};
		D9B080D81DA9C06000BDC28C /* Debug */ = {
			isa = XCBuildConfiguration;
			buildSettings = {
				ALWAYS_SEARCH_USER_PATHS = NO;
				CLANG_ANALYZER_NONNULL = YES;
				CLANG_CXX_LANGUAGE_STANDARD = "gnu++0x";
				CLANG_CXX_LIBRARY = "libc++";
				CLANG_ENABLE_MODULES = YES;
				CLANG_ENABLE_OBJC_ARC = YES;
				CLANG_WARN_BOOL_CONVERSION = YES;
				CLANG_WARN_CONSTANT_CONVERSION = YES;
				CLANG_WARN_DIRECT_OBJC_ISA_USAGE = YES_ERROR;
				CLANG_WARN_DOCUMENTATION_COMMENTS = YES;
				CLANG_WARN_EMPTY_BODY = YES;
				CLANG_WARN_ENUM_CONVERSION = YES;
				CLANG_WARN_INFINITE_RECURSION = YES;
				CLANG_WARN_INT_CONVERSION = YES;
				CLANG_WARN_OBJC_ROOT_CLASS = YES_ERROR;
				CLANG_WARN_SUSPICIOUS_MOVE = YES;
				CLANG_WARN_SUSPICIOUS_MOVES = YES;
				CLANG_WARN_UNREACHABLE_CODE = YES;
				CLANG_WARN__DUPLICATE_METHOD_MATCH = YES;
				"CODE_SIGN_IDENTITY[sdk=iphoneos*]" = "iPhone Developer";
				COPY_PHASE_STRIP = NO;
				DEBUG_INFORMATION_FORMAT = dwarf;
				ENABLE_STRICT_OBJC_MSGSEND = YES;
				ENABLE_TESTABILITY = YES;
				FRAMEWORK_SEARCH_PATHS = "$(inherited)";
				GCC_C_LANGUAGE_STANDARD = gnu99;
				GCC_DYNAMIC_NO_PIC = NO;
				GCC_NO_COMMON_BLOCKS = YES;
				GCC_OPTIMIZATION_LEVEL = 0;
				GCC_PREPROCESSOR_DEFINITIONS = (
					"DEBUG=1",
					"$(inherited)",
				);
				GCC_WARN_64_TO_32_BIT_CONVERSION = YES;
				GCC_WARN_ABOUT_RETURN_TYPE = YES_ERROR;
				GCC_WARN_UNDECLARED_SELECTOR = YES;
				GCC_WARN_UNINITIALIZED_AUTOS = YES_AGGRESSIVE;
				GCC_WARN_UNUSED_FUNCTION = YES;
				GCC_WARN_UNUSED_VARIABLE = YES;
				IPHONEOS_DEPLOYMENT_TARGET = 9.0;
				MTL_ENABLE_DEBUG_INFO = YES;
				ONLY_ACTIVE_ARCH = YES;
				SDKROOT = iphoneos;
				SWIFT_ACTIVE_COMPILATION_CONDITIONS = DEBUG;
				SWIFT_OPTIMIZATION_LEVEL = "-Onone";
				TARGETED_DEVICE_FAMILY = "1,2";
			};
			name = Debug;
		};
		D9B080D91DA9C06000BDC28C /* Release */ = {
			isa = XCBuildConfiguration;
			buildSettings = {
				ALWAYS_SEARCH_USER_PATHS = NO;
				CLANG_ANALYZER_NONNULL = YES;
				CLANG_CXX_LANGUAGE_STANDARD = "gnu++0x";
				CLANG_CXX_LIBRARY = "libc++";
				CLANG_ENABLE_MODULES = YES;
				CLANG_ENABLE_OBJC_ARC = YES;
				CLANG_WARN_BOOL_CONVERSION = YES;
				CLANG_WARN_CONSTANT_CONVERSION = YES;
				CLANG_WARN_DIRECT_OBJC_ISA_USAGE = YES_ERROR;
				CLANG_WARN_DOCUMENTATION_COMMENTS = YES;
				CLANG_WARN_EMPTY_BODY = YES;
				CLANG_WARN_ENUM_CONVERSION = YES;
				CLANG_WARN_INFINITE_RECURSION = YES;
				CLANG_WARN_INT_CONVERSION = YES;
				CLANG_WARN_OBJC_ROOT_CLASS = YES_ERROR;
				CLANG_WARN_SUSPICIOUS_MOVE = YES;
				CLANG_WARN_SUSPICIOUS_MOVES = YES;
				CLANG_WARN_UNREACHABLE_CODE = YES;
				CLANG_WARN__DUPLICATE_METHOD_MATCH = YES;
				"CODE_SIGN_IDENTITY[sdk=iphoneos*]" = "iPhone Developer";
				COPY_PHASE_STRIP = NO;
				DEBUG_INFORMATION_FORMAT = "dwarf-with-dsym";
				ENABLE_NS_ASSERTIONS = NO;
				ENABLE_STRICT_OBJC_MSGSEND = YES;
				FRAMEWORK_SEARCH_PATHS = "$(inherited)";
				GCC_C_LANGUAGE_STANDARD = gnu99;
				GCC_NO_COMMON_BLOCKS = YES;
				GCC_WARN_64_TO_32_BIT_CONVERSION = YES;
				GCC_WARN_ABOUT_RETURN_TYPE = YES_ERROR;
				GCC_WARN_UNDECLARED_SELECTOR = YES;
				GCC_WARN_UNINITIALIZED_AUTOS = YES_AGGRESSIVE;
				GCC_WARN_UNUSED_FUNCTION = YES;
				GCC_WARN_UNUSED_VARIABLE = YES;
				IPHONEOS_DEPLOYMENT_TARGET = 9.0;
				MTL_ENABLE_DEBUG_INFO = NO;
				SDKROOT = iphoneos;
				SWIFT_OPTIMIZATION_LEVEL = "-Owholemodule";
				TARGETED_DEVICE_FAMILY = "1,2";
				VALIDATE_PRODUCT = YES;
			};
			name = Release;
		};
		D9B080DB1DA9C06000BDC28C /* Debug */ = {
			isa = XCBuildConfiguration;
			baseConfigurationReference = 4F1E7B8F396EC0BD0E064FF9 /* Pods-e926.debug.xcconfig */;
			buildSettings = {
				ASSETCATALOG_COMPILER_APPICON_NAME = AppIcon;
				CLANG_ENABLE_MODULES = YES;
				CODE_SIGN_ENTITLEMENTS = e926/e926.entitlements;
				DEVELOPMENT_TEAM = D7S2KUY3DK;
				FRAMEWORK_SEARCH_PATHS = "$(inherited)";
				INFOPLIST_FILE = e926/Info.plist;
				LD_RUNPATH_SEARCH_PATHS = "$(inherited) @executable_path/Frameworks";
				PRODUCT_BUNDLE_IDENTIFIER = com.auzbuzzard.e926;
				PRODUCT_NAME = "$(TARGET_NAME)";
				SWIFT_OPTIMIZATION_LEVEL = "-Onone";
				SWIFT_VERSION = 3.0;
			};
			name = Debug;
		};
		D9B080DC1DA9C06000BDC28C /* Release */ = {
			isa = XCBuildConfiguration;
			baseConfigurationReference = 74BF6B926DAB472B39A30D61 /* Pods-e926.release.xcconfig */;
			buildSettings = {
				ASSETCATALOG_COMPILER_APPICON_NAME = AppIcon;
				CLANG_ENABLE_MODULES = YES;
				CODE_SIGN_ENTITLEMENTS = e926/e926.entitlements;
				DEVELOPMENT_TEAM = D7S2KUY3DK;
				FRAMEWORK_SEARCH_PATHS = "$(inherited)";
				INFOPLIST_FILE = e926/Info.plist;
				LD_RUNPATH_SEARCH_PATHS = "$(inherited) @executable_path/Frameworks";
				PRODUCT_BUNDLE_IDENTIFIER = com.auzbuzzard.e926;
				PRODUCT_NAME = "$(TARGET_NAME)";
				SWIFT_VERSION = 3.0;
			};
			name = Release;
		};
		D9B080DE1DA9C06000BDC28C /* Debug */ = {
			isa = XCBuildConfiguration;
			baseConfigurationReference = CAFF2017C16B982D33A134B2 /* Pods-e926Tests.debug.xcconfig */;
			buildSettings = {
				ALWAYS_EMBED_SWIFT_STANDARD_LIBRARIES = YES;
				BUNDLE_LOADER = "$(TEST_HOST)";
				DEVELOPMENT_TEAM = D7S2KUY3DK;
				INFOPLIST_FILE = e926Tests/Info.plist;
				LD_RUNPATH_SEARCH_PATHS = "$(inherited) @executable_path/Frameworks @loader_path/Frameworks";
				PRODUCT_BUNDLE_IDENTIFIER = com.austinmchau.e926app.e926Tests;
				PRODUCT_NAME = "$(TARGET_NAME)";
				SWIFT_VERSION = 3.0;
				TEST_HOST = "$(BUILT_PRODUCTS_DIR)/e926.app/e926";
			};
			name = Debug;
		};
		D9B080DF1DA9C06000BDC28C /* Release */ = {
			isa = XCBuildConfiguration;
			baseConfigurationReference = D86CBB37A057A82F09DB0AA2 /* Pods-e926Tests.release.xcconfig */;
			buildSettings = {
				ALWAYS_EMBED_SWIFT_STANDARD_LIBRARIES = YES;
				BUNDLE_LOADER = "$(TEST_HOST)";
				DEVELOPMENT_TEAM = D7S2KUY3DK;
				INFOPLIST_FILE = e926Tests/Info.plist;
				LD_RUNPATH_SEARCH_PATHS = "$(inherited) @executable_path/Frameworks @loader_path/Frameworks";
				PRODUCT_BUNDLE_IDENTIFIER = com.austinmchau.e926app.e926Tests;
				PRODUCT_NAME = "$(TARGET_NAME)";
				SWIFT_VERSION = 3.0;
				TEST_HOST = "$(BUILT_PRODUCTS_DIR)/e926.app/e926";
			};
			name = Release;
		};
		D9B080E11DA9C06000BDC28C /* Debug */ = {
			isa = XCBuildConfiguration;
			baseConfigurationReference = DDA52C18FC695AB83D1669D7 /* Pods-e926UITests.debug.xcconfig */;
			buildSettings = {
				ALWAYS_EMBED_SWIFT_STANDARD_LIBRARIES = YES;
				DEVELOPMENT_TEAM = D7S2KUY3DK;
				INFOPLIST_FILE = e926UITests/Info.plist;
				LD_RUNPATH_SEARCH_PATHS = "$(inherited) @executable_path/Frameworks @loader_path/Frameworks";
				PRODUCT_BUNDLE_IDENTIFIER = com.austinmchau.e926app.e926UITests;
				PRODUCT_NAME = "$(TARGET_NAME)";
				SWIFT_VERSION = 3.0;
				TEST_TARGET_NAME = e926;
			};
			name = Debug;
		};
		D9B080E21DA9C06000BDC28C /* Release */ = {
			isa = XCBuildConfiguration;
			baseConfigurationReference = A6DA68D031024D3FEB1E02F1 /* Pods-e926UITests.release.xcconfig */;
			buildSettings = {
				ALWAYS_EMBED_SWIFT_STANDARD_LIBRARIES = YES;
				DEVELOPMENT_TEAM = D7S2KUY3DK;
				INFOPLIST_FILE = e926UITests/Info.plist;
				LD_RUNPATH_SEARCH_PATHS = "$(inherited) @executable_path/Frameworks @loader_path/Frameworks";
				PRODUCT_BUNDLE_IDENTIFIER = com.austinmchau.e926app.e926UITests;
				PRODUCT_NAME = "$(TARGET_NAME)";
				SWIFT_VERSION = 3.0;
				TEST_TARGET_NAME = e926;
			};
			name = Release;
		};
/* End XCBuildConfiguration section */

/* Begin XCConfigurationList section */
		D9224A611E0ACADA002DFAA1 /* Build configuration list for PBXNativeTarget "e926-watch Extension" */ = {
			isa = XCConfigurationList;
			buildConfigurations = (
				D9224A5F1E0ACADA002DFAA1 /* Debug */,
				D9224A601E0ACADA002DFAA1 /* Release */,
			);
			defaultConfigurationIsVisible = 0;
			defaultConfigurationName = Release;
		};
		D9224A631E0ACADA002DFAA1 /* Build configuration list for PBXNativeTarget "e926-watch" */ = {
			isa = XCConfigurationList;
			buildConfigurations = (
				D9224A5D1E0ACADA002DFAA1 /* Debug */,
				D9224A5E1E0ACADA002DFAA1 /* Release */,
			);
			defaultConfigurationIsVisible = 0;
			defaultConfigurationName = Release;
		};
		D9B080AB1DA9C06000BDC28C /* Build configuration list for PBXProject "e926" */ = {
			isa = XCConfigurationList;
			buildConfigurations = (
				D9B080D81DA9C06000BDC28C /* Debug */,
				D9B080D91DA9C06000BDC28C /* Release */,
			);
			defaultConfigurationIsVisible = 0;
			defaultConfigurationName = Release;
		};
		D9B080DA1DA9C06000BDC28C /* Build configuration list for PBXNativeTarget "e926" */ = {
			isa = XCConfigurationList;
			buildConfigurations = (
				D9B080DB1DA9C06000BDC28C /* Debug */,
				D9B080DC1DA9C06000BDC28C /* Release */,
			);
			defaultConfigurationIsVisible = 0;
			defaultConfigurationName = Release;
		};
		D9B080DD1DA9C06000BDC28C /* Build configuration list for PBXNativeTarget "e926Tests" */ = {
			isa = XCConfigurationList;
			buildConfigurations = (
				D9B080DE1DA9C06000BDC28C /* Debug */,
				D9B080DF1DA9C06000BDC28C /* Release */,
			);
			defaultConfigurationIsVisible = 0;
			defaultConfigurationName = Release;
		};
		D9B080E01DA9C06000BDC28C /* Build configuration list for PBXNativeTarget "e926UITests" */ = {
			isa = XCConfigurationList;
			buildConfigurations = (
				D9B080E11DA9C06000BDC28C /* Debug */,
				D9B080E21DA9C06000BDC28C /* Release */,
			);
			defaultConfigurationIsVisible = 0;
			defaultConfigurationName = Release;
		};
/* End XCConfigurationList section */
	};
	rootObject = D9B080A81DA9C06000BDC28C /* Project object */;
}
